
Microsoft Visual Studio Solution File, Format Version 12.00
# Visual Studio Version 17
VisualStudioVersion = 17.9.34701.34
MinimumVisualStudioVersion = 10.0.40219.1
Project("{FAE04EC0-301F-11D3-BF4B-00C04F79EFBC}") = "BikeStoresReact.Server", "BikeStoresReact.Server\BikeStoresReact.Server.csproj", "{36636DA8-0D09-4A88-A609-65FDEBC6D6EE}"
EndProject
Project("{54A90642-561A-4BB1-A94E-469ADEE60C69}") = "bikestoresreact.client", "bikestoresreact.client\bikestoresreact.client.esproj", "{9F8BF41F-55E5-454C-822C-4931F362432A}"
EndProject
Global
	GlobalSection(SolutionConfigurationPlatforms) = preSolution
		Debug|Any CPU = Debug|Any CPU
		Release|Any CPU = Release|Any CPU
	EndGlobalSection
	GlobalSection(ProjectConfigurationPlatforms) = postSolution
		{36636DA8-0D09-4A88-A609-65FDEBC6D6EE}.Debug|Any CPU.ActiveCfg = Debug|Any CPU
		{36636DA8-0D09-4A88-A609-65FDEBC6D6EE}.Debug|Any CPU.Build.0 = Debug|Any CPU
		{36636DA8-0D09-4A88-A609-65FDEBC6D6EE}.Release|Any CPU.ActiveCfg = Release|Any CPU
		{36636DA8-0D09-4A88-A609-65FDEBC6D6EE}.Release|Any CPU.Build.0 = Release|Any CPU
		{9F8BF41F-55E5-454C-822C-4931F362432A}.Debug|Any CPU.ActiveCfg = Debug|Any CPU
		{9F8BF41F-55E5-454C-822C-4931F362432A}.Debug|Any CPU.Build.0 = Debug|Any CPU
		{9F8BF41F-55E5-454C-822C-4931F362432A}.Debug|Any CPU.Deploy.0 = Debug|Any CPU
		{9F8BF41F-55E5-454C-822C-4931F362432A}.Release|Any CPU.ActiveCfg = Release|Any CPU
		{9F8BF41F-55E5-454C-822C-4931F362432A}.Release|Any CPU.Build.0 = Release|Any CPU
		{9F8BF41F-55E5-454C-822C-4931F362432A}.Release|Any CPU.Deploy.0 = Release|Any CPU
	EndGlobalSection
	GlobalSection(SolutionProperties) = preSolution
		HideSolutionNode = FALSE
	EndGlobalSection
	GlobalSection(ExtensibilityGlobals) = postSolution
		SolutionGuid = {CC14F975-4E72-4388-ADF0-059B7E53EF2E}
	EndGlobalSection
EndGlobal
